
Microsoft Visual Studio Solution File, Format Version 12.00
# Visual Studio Version 17
VisualStudioVersion = 17.8.34525.116
MinimumVisualStudioVersion = 10.0.40219.1
Project("{FAE04EC0-301F-11D3-BF4B-00C04F79EFBC}") = "Interface-Practice", "Interface-Practice\Interface-Practice.csproj", "{23DB1F12-5719-42B8-90C3-2F38F4B0D15B}"
EndProject
Global
	GlobalSection(SolutionConfigurationPlatforms) = preSolution
		Debug|Any CPU = Debug|Any CPU
		Release|Any CPU = Release|Any CPU
	EndGlobalSection
	GlobalSection(ProjectConfigurationPlatforms) = postSolution
		{23DB1F12-5719-42B8-90C3-2F38F4B0D15B}.Debug|Any CPU.ActiveCfg = Debug|Any CPU
		{23DB1F12-5719-42B8-90C3-2F38F4B0D15B}.Debug|Any CPU.Build.0 = Debug|Any CPU
		{23DB1F12-5719-42B8-90C3-2F38F4B0D15B}.Release|Any CPU.ActiveCfg = Release|Any CPU
		{23DB1F12-5719-42B8-90C3-2F38F4B0D15B}.Release|Any CPU.Build.0 = Release|Any CPU
	EndGlobalSection
	GlobalSection(SolutionProperties) = preSolution
		HideSolutionNode = FALSE
	EndGlobalSection
	GlobalSection(ExtensibilityGlobals) = postSolution
		SolutionGuid = {88BF9B77-B3B5-4166-9DCF-114BBE8041C8}
	EndGlobalSection
EndGlobal
